
Microsoft Visual Studio Solution File, Format Version 12.00
# Visual Studio Version 16
VisualStudioVersion = 16.0.31321.278
MinimumVisualStudioVersion = 10.0.40219.1
Project("{FAE04EC0-301F-11D3-BF4B-00C04F79EFBC}") = "UmbracoSampleSameVoice", "UmbracoSampleSameVoice\UmbracoSampleSameVoice.csproj", "{41D6AF15-ABC0-40F4-A951-568EB1885F13}"
EndProject
Project("{FAE04EC0-301F-11D3-BF4B-00C04F79EFBC}") = "TwoFactorAuthentication", "TwoFactorAuthentication\TwoFactorAuthentication.csproj", "{648C57C0-D1DA-4F72-A4F8-3D832DAC2805}"
EndProject
Global
	GlobalSection(SolutionConfigurationPlatforms) = preSolution
		Debug|Any CPU = Debug|Any CPU
		Release|Any CPU = Release|Any CPU
	EndGlobalSection
	GlobalSection(ProjectConfigurationPlatforms) = postSolution
		{41D6AF15-ABC0-40F4-A951-568EB1885F13}.Debug|Any CPU.ActiveCfg = Debug|Any CPU
		{41D6AF15-ABC0-40F4-A951-568EB1885F13}.Debug|Any CPU.Build.0 = Debug|Any CPU
		{41D6AF15-ABC0-40F4-A951-568EB1885F13}.Release|Any CPU.ActiveCfg = Release|Any CPU
		{41D6AF15-ABC0-40F4-A951-568EB1885F13}.Release|Any CPU.Build.0 = Release|Any CPU
		{648C57C0-D1DA-4F72-A4F8-3D832DAC2805}.Debug|Any CPU.ActiveCfg = Debug|Any CPU
		{648C57C0-D1DA-4F72-A4F8-3D832DAC2805}.Debug|Any CPU.Build.0 = Debug|Any CPU
		{648C57C0-D1DA-4F72-A4F8-3D832DAC2805}.Release|Any CPU.ActiveCfg = Release|Any CPU
		{648C57C0-D1DA-4F72-A4F8-3D832DAC2805}.Release|Any CPU.Build.0 = Release|Any CPU
	EndGlobalSection
	GlobalSection(SolutionProperties) = preSolution
		HideSolutionNode = FALSE
	EndGlobalSection
	GlobalSection(ExtensibilityGlobals) = postSolution
		SolutionGuid = {88684D35-96B3-4FF5-8376-49C0294C8418}
	EndGlobalSection
EndGlobal
